
Microsoft Visual Studio Solution File, Format Version 12.00
# Visual Studio 2013
VisualStudioVersion = 12.0.31101.0
MinimumVisualStudioVersion = 10.0.40219.1
Project("{FAE04EC0-301F-11D3-BF4B-00C04F79EFBC}") = "fukuv0722", "fukuv0722\fukuv0722.csproj", "{1786620F-D254-4E24-94A0-A45F36E7784C}"
EndProject
Global
	GlobalSection(SolutionConfigurationPlatforms) = preSolution
		Debug|Any CPU = Debug|Any CPU
		Release|Any CPU = Release|Any CPU
	EndGlobalSection
	GlobalSection(ProjectConfigurationPlatforms) = postSolution
		{1786620F-D254-4E24-94A0-A45F36E7784C}.Debug|Any CPU.ActiveCfg = Debug|Any CPU
		{1786620F-D254-4E24-94A0-A45F36E7784C}.Debug|Any CPU.Build.0 = Debug|Any CPU
		{1786620F-D254-4E24-94A0-A45F36E7784C}.Release|Any CPU.ActiveCfg = Release|Any CPU
		{1786620F-D254-4E24-94A0-A45F36E7784C}.Release|Any CPU.Build.0 = Release|Any CPU
	EndGlobalSection
	GlobalSection(SolutionProperties) = preSolution
		HideSolutionNode = FALSE
	EndGlobalSection
EndGlobal
